schema: '2.0'
stages:
  download:
    cmd: Rscript stages/download.R
    deps:
    - path: https://aact.ctti-clinicaltrials.org/pipe_files
      hash: md5
      checksum: '286645490874361551640663643212643142456'
    - path: stages/download.R
      hash: md5
      md5: 25796c42a85949526905b1c02c917ab7
      size: 586
    outs:
    - path: download/
      hash: md5
      md5: bad1c22433a725845421f7d53f8ca55a.dir
      size: 1816433072
      nfiles: 1
  build:
    cmd: Rscript stages/build.R
    deps:
    - path: download/
      hash: md5
      md5: bad1c22433a725845421f7d53f8ca55a.dir
      size: 1816433072
      nfiles: 1
    - path: stages/build.R
      hash: md5
      md5: 838d95032e611a7168262b12616d9d0f
      size: 517
    outs:
    - path: brick/
      hash: md5
      md5: 38e06ace1cbfe85ee1c0f46275a87c09.dir
      size: 3165796785
      nfiles: 47
